// !$*UTF8*$!
{
	archiveVersion = 1;
	classes = {
	};
	objectVersion = 46;
	objects = {

/* Begin PBXBuildFile section */
		AFA3910F19F02BF8001484AD /* .travis.yml in Resources */ = {isa = PBXBuildFile; fileRef = AFA3910E19F02BF8001484AD /* .travis.yml */; };
		AFC3F7F419DC6E3400A30F93 /* LICENSE in Resources */ = {isa = PBXBuildFile; fileRef = AFC3F7F219DC6E3400A30F93 /* LICENSE */; };
		AFC3F7F519DC6E3400A30F93 /* README.md in Sources */ = {isa = PBXBuildFile; fileRef = AFC3F7F319DC6E3400A30F93 /* README.md */; };
		AFEE61F119DC602E0011CA12 /* Async_Test.swift in Sources */ = {isa = PBXBuildFile; fileRef = AFEE61F019DC602E0011CA12 /* Async_Test.swift */; };
		AFEE61F719DC606D0011CA12 /* Async.swift in Sources */ = {isa = PBXBuildFile; fileRef = AFEE61F619DC606D0011CA12 /* Async.swift */; };
/* End PBXBuildFile section */

/* Begin PBXFileReference section */
		AFA3910E19F02BF8001484AD /* .travis.yml */ = {isa = PBXFileReference; fileEncoding = 4; lastKnownFileType = text; path = .travis.yml; sourceTree = "<group>"; };
		AFC3F7F219DC6E3400A30F93 /* LICENSE */ = {isa = PBXFileReference; fileEncoding = 4; lastKnownFileType = text; path = LICENSE; sourceTree = "<group>"; };
		AFC3F7F319DC6E3400A30F93 /* README.md */ = {isa = PBXFileReference; fileEncoding = 4; lastKnownFileType = net.daringfireball.markdown; path = README.md; sourceTree = "<group>"; };
		AFEE61EB19DC602E0011CA12 /* Async-Test.xctest */ = {isa = PBXFileReference; explicitFileType = wrapper.cfbundle; includeInIndex = 0; path = "Async-Test.xctest"; sourceTree = BUILT_PRODUCTS_DIR; };
		AFEE61EF19DC602E0011CA12 /* Info.plist */ = {isa = PBXFileReference; lastKnownFileType = text.plist.xml; path = Info.plist; sourceTree = "<group>"; };
		AFEE61F019DC602E0011CA12 /* Async_Test.swift */ = {isa = PBXFileReference; lastKnownFileType = sourcecode.swift; path = Async_Test.swift; sourceTree = "<group>"; };
		AFEE61F619DC606D0011CA12 /* Async.swift */ = {isa = PBXFileReference; fileEncoding = 4; lastKnownFileType = sourcecode.swift; path = Async.swift; sourceTree = "<group>"; };
/* End PBXFileReference section */

/* Begin PBXFrameworksBuildPhase section */
		AFEE61E819DC602E0011CA12 /* Frameworks */ = {
			isa = PBXFrameworksBuildPhase;
			buildActionMask = 2147483647;
			files = (
			);
			runOnlyForDeploymentPostprocessing = 0;
		};
/* End PBXFrameworksBuildPhase section */

/* Begin PBXGroup section */
		AFEE61E019DC60020011CA12 = {
			isa = PBXGroup;
			children = (
				AFA3910E19F02BF8001484AD /* .travis.yml */,
				AFEE61F519DC60630011CA12 /* Async */,
				AFEE61ED19DC602E0011CA12 /* Async-Test */,
				AFEE61EC19DC602E0011CA12 /* Products */,
			);
			sourceTree = "<group>";
		};
		AFEE61EC19DC602E0011CA12 /* Products */ = {
			isa = PBXGroup;
			children = (
				AFEE61EB19DC602E0011CA12 /* Async-Test.xctest */,
			);
			name = Products;
			sourceTree = "<group>";
		};
		AFEE61ED19DC602E0011CA12 /* Async-Test */ = {
			isa = PBXGroup;
			children = (
				AFEE61F019DC602E0011CA12 /* Async_Test.swift */,
				AFEE61EE19DC602E0011CA12 /* Supporting Files */,
			);
			path = "Async-Test";
			sourceTree = "<group>";
		};
		AFEE61EE19DC602E0011CA12 /* Supporting Files */ = {
			isa = PBXGroup;
			children = (
				AFEE61EF19DC602E0011CA12 /* Info.plist */,
			);
			name = "Supporting Files";
			sourceTree = "<group>";
		};
		AFEE61F519DC60630011CA12 /* Async */ = {
			isa = PBXGroup;
			children = (
				AFEE61F619DC606D0011CA12 /* Async.swift */,
				AFC3F7F219DC6E3400A30F93 /* LICENSE */,
				AFC3F7F319DC6E3400A30F93 /* README.md */,
			);
			name = Async;
			sourceTree = "<group>";
		};
/* End PBXGroup section */

/* Begin PBXNativeTarget section */
		AFEE61EA19DC602E0011CA12 /* Async-Test */ = {
			isa = PBXNativeTarget;
			buildConfigurationList = AFEE61F419DC602E0011CA12 /* Build configuration list for PBXNativeTarget "Async-Test" */;
			buildPhases = (
				AFEE61E719DC602E0011CA12 /* Sources */,
				AFEE61E819DC602E0011CA12 /* Frameworks */,
				AFEE61E919DC602E0011CA12 /* Resources */,
			);
			buildRules = (
			);
			dependencies = (
			);
			name = "Async-Test";
			productName = "Async-Test";
			productReference = AFEE61EB19DC602E0011CA12 /* Async-Test.xctest */;
			productType = "com.apple.product-type.bundle.unit-test";
		};
/* End PBXNativeTarget section */

/* Begin PBXProject section */
		AFEE61E119DC60020011CA12 /* Project object */ = {
			isa = PBXProject;
			attributes = {
				LastUpgradeCheck = 0610;
				TargetAttributes = {
					AFEE61EA19DC602E0011CA12 = {
						CreatedOnToolsVersion = 6.1;
					};
				};
			};
			buildConfigurationList = AFEE61E419DC60020011CA12 /* Build configuration list for PBXProject "Async" */;
			compatibilityVersion = "Xcode 3.2";
			developmentRegion = English;
			hasScannedForEncodings = 0;
			knownRegions = (
				en,
			);
			mainGroup = AFEE61E019DC60020011CA12;
			productRefGroup = AFEE61EC19DC602E0011CA12 /* Products */;
			projectDirPath = "";
			projectRoot = "";
			targets = (
				AFEE61EA19DC602E0011CA12 /* Async-Test */,
			);
		};
/* End PBXProject section */

/* Begin PBXResourcesBuildPhase section */
		AFEE61E919DC602E0011CA12 /* Resources */ = {
			isa = PBXResourcesBuildPhase;
			buildActionMask = 2147483647;
			files = (
				AFA3910F19F02BF8001484AD /* .travis.yml in Resources */,
				AFC3F7F419DC6E3400A30F93 /* LICENSE in Resources */,
			);
			runOnlyForDeploymentPostprocessing = 0;
		};
/* End PBXResourcesBuildPhase section */

/* Begin PBXSourcesBuildPhase section */
		AFEE61E719DC602E0011CA12 /* Sources */ = {
			isa = PBXSourcesBuildPhase;
			buildActionMask = 2147483647;
			files = (
				AFC3F7F519DC6E3400A30F93 /* README.md in Sources */,
				AFEE61F719DC606D0011CA12 /* Async.swift in Sources */,
				AFEE61F119DC602E0011CA12 /* Async_Test.swift in Sources */,
			);
			runOnlyForDeploymentPostprocessing = 0;
		};
/* End PBXSourcesBuildPhase section */

/* Begin XCBuildConfiguration section */
		AFEE61E519DC60020011CA12 /* Debug */ = {
			isa = XCBuildConfiguration;
			buildSettings = {
			};
			name = Debug;
		};
		AFEE61E619DC60020011CA12 /* Release */ = {
			isa = XCBuildConfiguration;
			buildSettings = {
			};
			name = Release;
		};
		AFEE61F219DC602E0011CA12 /* Debug */ = {
			isa = XCBuildConfiguration;
			buildSettings = {
				ALWAYS_SEARCH_USER_PATHS = NO;
				CLANG_CXX_LANGUAGE_STANDARD = "gnu++0x";
				CLANG_CXX_LIBRARY = "libc++";
				CLANG_ENABLE_MODULES = YES;
				CLANG_ENABLE_OBJC_ARC = YES;
				CLANG_WARN_BOOL_CONVERSION = YES;
				CLANG_WARN_CONSTANT_CONVERSION = YES;
				CLANG_WARN_DIRECT_OBJC_ISA_USAGE = YES_ERROR;
				CLANG_WARN_EMPTY_BODY = YES;
				CLANG_WARN_ENUM_CONVERSION = YES;
				CLANG_WARN_INT_CONVERSION = YES;
				CLANG_WARN_OBJC_ROOT_CLASS = YES_ERROR;
				CLANG_WARN_UNREACHABLE_CODE = YES;
				CLANG_WARN__DUPLICATE_METHOD_MATCH = YES;
				COMBINE_HIDPI_IMAGES = YES;
				COPY_PHASE_STRIP = NO;
				ENABLE_STRICT_OBJC_MSGSEND = YES;
				FRAMEWORK_SEARCH_PATHS = (
					"$(DEVELOPER_FRAMEWORKS_DIR)",
					"$(inherited)",
				);
				GCC_C_LANGUAGE_STANDARD = gnu99;
				GCC_DYNAMIC_NO_PIC = NO;
				GCC_OPTIMIZATION_LEVEL = 0;
				GCC_PREPROCESSOR_DEFINITIONS = (
					"DEBUG=1",
					"$(inherited)",
				);
				GCC_SYMBOLS_PRIVATE_EXTERN = NO;
				GCC_WARN_64_TO_32_BIT_CONVERSION = YES;
				GCC_WARN_ABOUT_RETURN_TYPE = YES_ERROR;
				GCC_WARN_UNDECLARED_SELECTOR = YES;
				GCC_WARN_UNINITIALIZED_AUTOS = YES_AGGRESSIVE;
				GCC_WARN_UNUSED_FUNCTION = YES;
				GCC_WARN_UNUSED_VARIABLE = YES;
				INFOPLIST_FILE = "Async-Test/Info.plist";
				LD_RUNPATH_SEARCH_PATHS = "$(inherited) @executable_path/../Frameworks @loader_path/../Frameworks";
				MACOSX_DEPLOYMENT_TARGET = 10.10;
				MTL_ENABLE_DEBUG_INFO = YES;
				ONLY_ACTIVE_ARCH = YES;
				PRODUCT_NAME = "$(TARGET_NAME)";
				SDKROOT = macosx;
				SWIFT_OPTIMIZATION_LEVEL = "-Onone";
			};
			name = Debug;
		};
		AFEE61F319DC602E0011CA12 /* Release */ = {
			isa = XCBuildConfiguration;
			buildSettings = {
				ALWAYS_SEARCH_USER_PATHS = NO;
				CLANG_CXX_LANGUAGE_STANDARD = "gnu++0x";
				CLANG_CXX_LIBRARY = "libc++";
				CLANG_ENABLE_MODULES = YES;
				CLANG_ENABLE_OBJC_ARC = YES;
				CLANG_WARN_BOOL_CONVERSION = YES;
				CLANG_WARN_CONSTANT_CONVERSION = YES;
				CLANG_WARN_DIRECT_OBJC_ISA_USAGE = YES_ERROR;
				CLANG_WARN_EMPTY_BODY = YES;
				CLANG_WARN_ENUM_CONVERSION = YES;
				CLANG_WARN_INT_CONVERSION = YES;
				CLANG_WARN_OBJC_ROOT_CLASS = YES_ERROR;
				CLANG_WARN_UNREACHABLE_CODE = YES;
				CLANG_WARN__DUPLICATE_METHOD_MATCH = YES;
				COMBINE_HIDPI_IMAGES = YES;
				COPY_PHASE_STRIP = YES;
				DEBUG_INFORMATION_FORMAT = "dwarf-with-dsym";
				ENABLE_NS_ASSERTIONS = NO;
				ENABLE_STRICT_OBJC_MSGSEND = YES;
				FRAMEWORK_SEARCH_PATHS = (
					"$(DEVELOPER_FRAMEWORKS_DIR)",
					"$(inherited)",
				);
				GCC_C_LANGUAGE_STANDARD = gnu99;
				GCC_WARN_64_TO_32_BIT_CONVERSION = YES;
				GCC_WARN_ABOUT_RETURN_TYPE = YES_ERROR;
				GCC_WARN_UNDECLARED_SELECTOR = YES;
				GCC_WARN_UNINITIALIZED_AUTOS = YES_AGGRESSIVE;
				GCC_WARN_UNUSED_FUNCTION = YES;
				GCC_WARN_UNUSED_VARIABLE = YES;
				INFOPLIST_FILE = "Async-Test/Info.plist";
				LD_RUNPATH_SEARCH_PATHS = "$(inherited) @executable_path/../Frameworks @loader_path/../Frameworks";
				MACOSX_DEPLOYMENT_TARGET = 10.10;
				MTL_ENABLE_DEBUG_INFO = NO;
				PRODUCT_NAME = "$(TARGET_NAME)";
				SDKROOT = macosx;
			};
			name = Release;
		};
/* End XCBuildConfiguration section */

/* Begin XCConfigurationList section */
		AFEE61E419DC60020011CA12 /* Build configuration list for PBXProject "Async" */ = {
			isa = XCConfigurationList;
			buildConfigurations = (
				AFEE61E519DC60020011CA12 /* Debug */,
				AFEE61E619DC60020011CA12 /* Release */,
			);
			defaultConfigurationIsVisible = 0;
			defaultConfigurationName = Release;
		};
		AFEE61F419DC602E0011CA12 /* Build configuration list for PBXNativeTarget "Async-Test" */ = {
			isa = XCConfigurationList;
			buildConfigurations = (
				AFEE61F219DC602E0011CA12 /* Debug */,
				AFEE61F319DC602E0011CA12 /* Release */,
			);
			defaultConfigurationIsVisible = 0;
			defaultConfigurationName = Release;
		};
/* End XCConfigurationList section */
	};
	rootObject = AFEE61E119DC60020011CA12 /* Project object */;
}
